
Microsoft Visual Studio Solution File, Format Version 11.00
# Visual Studio 2010
Project("{8BC9CEB8-8B4A-11D0-8D11-00A0C91BC942}") = "15-05-20 초기화 리스트", "15-05-20 초기화 리스트.vcxproj", "{A187DAC9-A908-4681-9BEA-BECE7DE62EAA}"
EndProject
Global
	GlobalSection(SolutionConfigurationPlatforms) = preSolution
		Debug|Win32 = Debug|Win32
		Release|Win32 = Release|Win32
	EndGlobalSection
	GlobalSection(ProjectConfigurationPlatforms) = postSolution
		{A187DAC9-A908-4681-9BEA-BECE7DE62EAA}.Debug|Win32.ActiveCfg = Debug|Win32
		{A187DAC9-A908-4681-9BEA-BECE7DE62EAA}.Debug|Win32.Build.0 = Debug|Win32
		{A187DAC9-A908-4681-9BEA-BECE7DE62EAA}.Release|Win32.ActiveCfg = Release|Win32
		{A187DAC9-A908-4681-9BEA-BECE7DE62EAA}.Release|Win32.Build.0 = Release|Win32
	EndGlobalSection
	GlobalSection(SolutionProperties) = preSolution
		HideSolutionNode = FALSE
	EndGlobalSection
EndGlobal
