
Microsoft Visual Studio Solution File, Format Version 11.00
# Visual Studio 2010
Project("{8BC9CEB8-8B4A-11D0-8D11-00A0C91BC942}") = "15-05-21 Project2", "15-05-21 Project2.vcxproj", "{7C5ABA33-AA51-43A7-AEC1-A9196414DAB3}"
EndProject
Global
	GlobalSection(SolutionConfigurationPlatforms) = preSolution
		Debug|Win32 = Debug|Win32
		Release|Win32 = Release|Win32
	EndGlobalSection
	GlobalSection(ProjectConfigurationPlatforms) = postSolution
		{7C5ABA33-AA51-43A7-AEC1-A9196414DAB3}.Debug|Win32.ActiveCfg = Debug|Win32
		{7C5ABA33-AA51-43A7-AEC1-A9196414DAB3}.Debug|Win32.Build.0 = Debug|Win32
		{7C5ABA33-AA51-43A7-AEC1-A9196414DAB3}.Release|Win32.ActiveCfg = Release|Win32
		{7C5ABA33-AA51-43A7-AEC1-A9196414DAB3}.Release|Win32.Build.0 = Release|Win32
	EndGlobalSection
	GlobalSection(SolutionProperties) = preSolution
		HideSolutionNode = FALSE
	EndGlobalSection
EndGlobal
