
Microsoft Visual Studio Solution File, Format Version 11.00
# Visual Studio 2010
Project("{8BC9CEB8-8B4A-11D0-8D11-00A0C91BC942}") = "15-05-18 소멸자", "15-05-18 소멸자.vcxproj", "{C2375595-B0EE-4042-AFCE-DF4D7568D693}"
EndProject
Global
	GlobalSection(SolutionConfigurationPlatforms) = preSolution
		Debug|Win32 = Debug|Win32
		Release|Win32 = Release|Win32
	EndGlobalSection
	GlobalSection(ProjectConfigurationPlatforms) = postSolution
		{C2375595-B0EE-4042-AFCE-DF4D7568D693}.Debug|Win32.ActiveCfg = Debug|Win32
		{C2375595-B0EE-4042-AFCE-DF4D7568D693}.Debug|Win32.Build.0 = Debug|Win32
		{C2375595-B0EE-4042-AFCE-DF4D7568D693}.Release|Win32.ActiveCfg = Release|Win32
		{C2375595-B0EE-4042-AFCE-DF4D7568D693}.Release|Win32.Build.0 = Release|Win32
	EndGlobalSection
	GlobalSection(SolutionProperties) = preSolution
		HideSolutionNode = FALSE
	EndGlobalSection
EndGlobal
