
Microsoft Visual Studio Solution File, Format Version 11.00
# Visual Studio 2010
Project("{8BC9CEB8-8B4A-11D0-8D11-00A0C91BC942}") = "15-05-14  동적 할당", "15-05-14  동적 할당.vcxproj", "{6630DE16-9274-4C41-83B9-5187FC9AA22C}"
EndProject
Global
	GlobalSection(SolutionConfigurationPlatforms) = preSolution
		Debug|Win32 = Debug|Win32
		Release|Win32 = Release|Win32
	EndGlobalSection
	GlobalSection(ProjectConfigurationPlatforms) = postSolution
		{6630DE16-9274-4C41-83B9-5187FC9AA22C}.Debug|Win32.ActiveCfg = Debug|Win32
		{6630DE16-9274-4C41-83B9-5187FC9AA22C}.Debug|Win32.Build.0 = Debug|Win32
		{6630DE16-9274-4C41-83B9-5187FC9AA22C}.Release|Win32.ActiveCfg = Release|Win32
		{6630DE16-9274-4C41-83B9-5187FC9AA22C}.Release|Win32.Build.0 = Release|Win32
	EndGlobalSection
	GlobalSection(SolutionProperties) = preSolution
		HideSolutionNode = FALSE
	EndGlobalSection
EndGlobal
