
Microsoft Visual Studio Solution File, Format Version 11.00
# Visual Studio 2010
Project("{8BC9CEB8-8B4A-11D0-8D11-00A0C91BC942}") = "15-05-14 pointer", "15-05-14 pointer.vcxproj", "{CEE53AAC-175F-4DC6-9C8F-641787016F6B}"
EndProject
Global
	GlobalSection(SolutionConfigurationPlatforms) = preSolution
		Debug|Win32 = Debug|Win32
		Release|Win32 = Release|Win32
	EndGlobalSection
	GlobalSection(ProjectConfigurationPlatforms) = postSolution
		{CEE53AAC-175F-4DC6-9C8F-641787016F6B}.Debug|Win32.ActiveCfg = Debug|Win32
		{CEE53AAC-175F-4DC6-9C8F-641787016F6B}.Debug|Win32.Build.0 = Debug|Win32
		{CEE53AAC-175F-4DC6-9C8F-641787016F6B}.Release|Win32.ActiveCfg = Release|Win32
		{CEE53AAC-175F-4DC6-9C8F-641787016F6B}.Release|Win32.Build.0 = Release|Win32
	EndGlobalSection
	GlobalSection(SolutionProperties) = preSolution
		HideSolutionNode = FALSE
	EndGlobalSection
EndGlobal
