
Microsoft Visual Studio Solution File, Format Version 11.00
# Visual Studio 2010
Project("{8BC9CEB8-8B4A-11D0-8D11-00A0C91BC942}") = "15-05-28 버추얼 소멸자", "15-05-28 버추얼 소멸자.vcxproj", "{41549E9C-18C0-43BF-84D5-FD7BB615D5DC}"
EndProject
Global
	GlobalSection(SolutionConfigurationPlatforms) = preSolution
		Debug|Win32 = Debug|Win32
		Release|Win32 = Release|Win32
	EndGlobalSection
	GlobalSection(ProjectConfigurationPlatforms) = postSolution
		{41549E9C-18C0-43BF-84D5-FD7BB615D5DC}.Debug|Win32.ActiveCfg = Debug|Win32
		{41549E9C-18C0-43BF-84D5-FD7BB615D5DC}.Debug|Win32.Build.0 = Debug|Win32
		{41549E9C-18C0-43BF-84D5-FD7BB615D5DC}.Release|Win32.ActiveCfg = Release|Win32
		{41549E9C-18C0-43BF-84D5-FD7BB615D5DC}.Release|Win32.Build.0 = Release|Win32
	EndGlobalSection
	GlobalSection(SolutionProperties) = preSolution
		HideSolutionNode = FALSE
	EndGlobalSection
EndGlobal
