
Microsoft Visual Studio Solution File, Format Version 11.00
# Visual Studio 2010
Project("{8BC9CEB8-8B4A-11D0-8D11-00A0C91BC942}") = "15-05-28 상속2", "15-05-28 상속2.vcxproj", "{DABEBB0A-4117-4BEE-8B64-3488CF2DAA1E}"
EndProject
Global
	GlobalSection(SolutionConfigurationPlatforms) = preSolution
		Debug|Win32 = Debug|Win32
		Release|Win32 = Release|Win32
	EndGlobalSection
	GlobalSection(ProjectConfigurationPlatforms) = postSolution
		{DABEBB0A-4117-4BEE-8B64-3488CF2DAA1E}.Debug|Win32.ActiveCfg = Debug|Win32
		{DABEBB0A-4117-4BEE-8B64-3488CF2DAA1E}.Debug|Win32.Build.0 = Debug|Win32
		{DABEBB0A-4117-4BEE-8B64-3488CF2DAA1E}.Release|Win32.ActiveCfg = Release|Win32
		{DABEBB0A-4117-4BEE-8B64-3488CF2DAA1E}.Release|Win32.Build.0 = Release|Win32
	EndGlobalSection
	GlobalSection(SolutionProperties) = preSolution
		HideSolutionNode = FALSE
	EndGlobalSection
EndGlobal
