
Microsoft Visual Studio Solution File, Format Version 11.00
# Visual Studio 2010
Project("{8BC9CEB8-8B4A-11D0-8D11-00A0C91BC942}") = "15-05-29 class template", "15-05-29 class template.vcxproj", "{22438C35-2895-4E2F-BE52-27C842CDBA40}"
EndProject
Global
	GlobalSection(SolutionConfigurationPlatforms) = preSolution
		Debug|Win32 = Debug|Win32
		Release|Win32 = Release|Win32
	EndGlobalSection
	GlobalSection(ProjectConfigurationPlatforms) = postSolution
		{22438C35-2895-4E2F-BE52-27C842CDBA40}.Debug|Win32.ActiveCfg = Debug|Win32
		{22438C35-2895-4E2F-BE52-27C842CDBA40}.Debug|Win32.Build.0 = Debug|Win32
		{22438C35-2895-4E2F-BE52-27C842CDBA40}.Release|Win32.ActiveCfg = Release|Win32
		{22438C35-2895-4E2F-BE52-27C842CDBA40}.Release|Win32.Build.0 = Release|Win32
	EndGlobalSection
	GlobalSection(SolutionProperties) = preSolution
		HideSolutionNode = FALSE
	EndGlobalSection
EndGlobal
