
Microsoft Visual Studio Solution File, Format Version 11.00
# Visual Studio 2010
Project("{8BC9CEB8-8B4A-11D0-8D11-00A0C91BC942}") = "15-05-11 test", "15-05-11 test.vcxproj", "{C04C9A14-B007-4A5F-986F-6F2BF4500458}"
EndProject
Global
	GlobalSection(SolutionConfigurationPlatforms) = preSolution
		Debug|Win32 = Debug|Win32
		Release|Win32 = Release|Win32
	EndGlobalSection
	GlobalSection(ProjectConfigurationPlatforms) = postSolution
		{C04C9A14-B007-4A5F-986F-6F2BF4500458}.Debug|Win32.ActiveCfg = Debug|Win32
		{C04C9A14-B007-4A5F-986F-6F2BF4500458}.Debug|Win32.Build.0 = Debug|Win32
		{C04C9A14-B007-4A5F-986F-6F2BF4500458}.Release|Win32.ActiveCfg = Release|Win32
		{C04C9A14-B007-4A5F-986F-6F2BF4500458}.Release|Win32.Build.0 = Release|Win32
	EndGlobalSection
	GlobalSection(SolutionProperties) = preSolution
		HideSolutionNode = FALSE
	EndGlobalSection
EndGlobal
