
Microsoft Visual Studio Solution File, Format Version 11.00
# Visual Studio 2010
Project("{8BC9CEB8-8B4A-11D0-8D11-00A0C91BC942}") = "15-05-22 객체배열", "15-05-22 객체배열.vcxproj", "{F336434A-EB9E-452A-8C16-1BDAAFFCA49F}"
EndProject
Global
	GlobalSection(SolutionConfigurationPlatforms) = preSolution
		Debug|Win32 = Debug|Win32
		Release|Win32 = Release|Win32
	EndGlobalSection
	GlobalSection(ProjectConfigurationPlatforms) = postSolution
		{F336434A-EB9E-452A-8C16-1BDAAFFCA49F}.Debug|Win32.ActiveCfg = Debug|Win32
		{F336434A-EB9E-452A-8C16-1BDAAFFCA49F}.Debug|Win32.Build.0 = Debug|Win32
		{F336434A-EB9E-452A-8C16-1BDAAFFCA49F}.Release|Win32.ActiveCfg = Release|Win32
		{F336434A-EB9E-452A-8C16-1BDAAFFCA49F}.Release|Win32.Build.0 = Release|Win32
	EndGlobalSection
	GlobalSection(SolutionProperties) = preSolution
		HideSolutionNode = FALSE
	EndGlobalSection
EndGlobal
