
Microsoft Visual Studio Solution File, Format Version 11.00
# Visual Studio 2010
Project("{8BC9CEB8-8B4A-11D0-8D11-00A0C91BC942}") = "15-05-19 복사생성자", "15-05-19 복사생성자.vcxproj", "{BA966DAC-DD44-41C6-8D5B-F9BB4BD0DE9E}"
EndProject
Global
	GlobalSection(SolutionConfigurationPlatforms) = preSolution
		Debug|Win32 = Debug|Win32
		Release|Win32 = Release|Win32
	EndGlobalSection
	GlobalSection(ProjectConfigurationPlatforms) = postSolution
		{BA966DAC-DD44-41C6-8D5B-F9BB4BD0DE9E}.Debug|Win32.ActiveCfg = Debug|Win32
		{BA966DAC-DD44-41C6-8D5B-F9BB4BD0DE9E}.Debug|Win32.Build.0 = Debug|Win32
		{BA966DAC-DD44-41C6-8D5B-F9BB4BD0DE9E}.Release|Win32.ActiveCfg = Release|Win32
		{BA966DAC-DD44-41C6-8D5B-F9BB4BD0DE9E}.Release|Win32.Build.0 = Release|Win32
	EndGlobalSection
	GlobalSection(SolutionProperties) = preSolution
		HideSolutionNode = FALSE
	EndGlobalSection
EndGlobal
