
Microsoft Visual Studio Solution File, Format Version 11.00
# Visual Studio 2010
Project("{8BC9CEB8-8B4A-11D0-8D11-00A0C91BC942}") = "15-05-12 op3", "15-05-12 op3\15-05-12 op3.vcxproj", "{F27A7CE9-16AA-4808-80C3-34CC9BF9FA38}"
EndProject
Global
	GlobalSection(SolutionConfigurationPlatforms) = preSolution
		Debug|Win32 = Debug|Win32
		Release|Win32 = Release|Win32
	EndGlobalSection
	GlobalSection(ProjectConfigurationPlatforms) = postSolution
		{F27A7CE9-16AA-4808-80C3-34CC9BF9FA38}.Debug|Win32.ActiveCfg = Debug|Win32
		{F27A7CE9-16AA-4808-80C3-34CC9BF9FA38}.Debug|Win32.Build.0 = Debug|Win32
		{F27A7CE9-16AA-4808-80C3-34CC9BF9FA38}.Release|Win32.ActiveCfg = Release|Win32
		{F27A7CE9-16AA-4808-80C3-34CC9BF9FA38}.Release|Win32.Build.0 = Release|Win32
	EndGlobalSection
	GlobalSection(SolutionProperties) = preSolution
		HideSolutionNode = FALSE
	EndGlobalSection
EndGlobal
